
Microsoft Visual Studio Solution File, Format Version 12.00
# Visual Studio Version 16
VisualStudioVersion = 16.0.31005.135
MinimumVisualStudioVersion = 10.0.40219.1
Project("{9A19103F-16F7-4668-BE54-9A1E7A4F7556}") = "PatternsApp", "PatternsApp\PatternsApp.csproj", "{948C766E-E60B-4135-9462-86BBD1F1C488}"
EndProject
Project("{2150E333-8FDC-42A3-9474-1A3956D46DE8}") = "Creational", "Creational", "{A7FE1E79-8CE3-43B1-A422-6B77BAD3B216}"
EndProject
Project("{9A19103F-16F7-4668-BE54-9A1E7A4F7556}") = "Singleton", "Singleton\Singleton.csproj", "{EC3D78A2-2015-431C-A858-6640279B947E}"
EndProject
Project("{2150E333-8FDC-42A3-9474-1A3956D46DE8}") = "Behavioral", "Behavioral", "{6E941B31-647B-4D27-B071-144D8D726AC6}"
EndProject
Project("{2150E333-8FDC-42A3-9474-1A3956D46DE8}") = "Structural", "Structural", "{A8537CCE-DF10-49BC-AB1B-91A9CFF025BB}"
EndProject
Project("{9A19103F-16F7-4668-BE54-9A1E7A4F7556}") = "FactoryMethod", "FactoryMethod\FactoryMethod.csproj", "{FDE4AF7F-8FF8-43D3-8BD7-BBF9F0353A69}"
EndProject
Project("{9A19103F-16F7-4668-BE54-9A1E7A4F7556}") = "AbstractFactory", "AbstractFactory\AbstractFactory.csproj", "{D82395D8-B58C-4C45-B2B4-4FE3DD54DE11}"
EndProject
Project("{9A19103F-16F7-4668-BE54-9A1E7A4F7556}") = "Prototype", "Prototype\Prototype.csproj", "{B1B51789-C899-485B-8010-25E349201B85}"
EndProject
Project("{9A19103F-16F7-4668-BE54-9A1E7A4F7556}") = "Builder", "Builder\Builder.csproj", "{BB01A599-411D-4031-A866-7CED557990DC}"
EndProject
Project("{9A19103F-16F7-4668-BE54-9A1E7A4F7556}") = "Adapter", "Adapter\Adapter.csproj", "{1D7E9EF1-3C07-4D70-98CF-EDAABCF55E99}"
EndProject
Project("{9A19103F-16F7-4668-BE54-9A1E7A4F7556}") = "Strategy", "Strategy\Strategy.csproj", "{7F90156F-D485-476C-A910-C0D8A3B5510E}"
EndProject
Project("{9A19103F-16F7-4668-BE54-9A1E7A4F7556}") = "Facade", "Facade\Facade.csproj", "{13F0B9B5-6DCB-47C9-B100-DF7499137A6F}"
EndProject
Project("{9A19103F-16F7-4668-BE54-9A1E7A4F7556}") = "Visitor", "Visitor\Visitor.csproj", "{438F71D8-B205-4943-B23C-30B8CC8F6DAB}"
EndProject
Project("{9A19103F-16F7-4668-BE54-9A1E7A4F7556}") = "Proxy", "Proxy\Proxy.csproj", "{64BDCF69-7322-49D6-BDC3-B1DD261C8CAB}"
EndProject
Project("{9A19103F-16F7-4668-BE54-9A1E7A4F7556}") = "Decorator", "Decorator\Decorator.csproj", "{FC03F0D4-4756-4F00-AFD5-87B8634EBC79}"
EndProject
Project("{9A19103F-16F7-4668-BE54-9A1E7A4F7556}") = "Bridge", "Bridge\Bridge.csproj", "{F08CEB20-6AC3-4E46-930D-A74BB7C357B2}"
EndProject
Project("{9A19103F-16F7-4668-BE54-9A1E7A4F7556}") = "Composite", "Composite\Composite.csproj", "{D080AB9D-F59E-4DC3-AC71-D3B495AB3AC0}"
EndProject
Project("{9A19103F-16F7-4668-BE54-9A1E7A4F7556}") = "Flyweight", "Flyweight\Flyweight.csproj", "{5C520983-1B71-4AA7-9F75-504BF88234AA}"
EndProject
Project("{FAE04EC0-301F-11D3-BF4B-00C04F79EFBC}") = "TemplateMethod", "TemplateMethod\TemplateMethod.csproj", "{B81B3031-90F7-49A1-8336-79D93BC1CB64}"
EndProject
Project("{FAE04EC0-301F-11D3-BF4B-00C04F79EFBC}") = "State", "State\State.csproj", "{777EDA80-F34A-4D14-BD58-C6AA74D4A785}"
EndProject
Project("{FAE04EC0-301F-11D3-BF4B-00C04F79EFBC}") = "Command", "Command\Command.csproj", "{4B0E302B-2F1C-4D91-B48D-36D9A3B63B8D}"
EndProject
Global
	GlobalSection(SolutionConfigurationPlatforms) = preSolution
		Debug|Any CPU = Debug|Any CPU
		Release|Any CPU = Release|Any CPU
	EndGlobalSection
	GlobalSection(ProjectConfigurationPlatforms) = postSolution
		{948C766E-E60B-4135-9462-86BBD1F1C488}.Debug|Any CPU.ActiveCfg = Debug|Any CPU
		{948C766E-E60B-4135-9462-86BBD1F1C488}.Debug|Any CPU.Build.0 = Debug|Any CPU
		{948C766E-E60B-4135-9462-86BBD1F1C488}.Release|Any CPU.ActiveCfg = Release|Any CPU
		{948C766E-E60B-4135-9462-86BBD1F1C488}.Release|Any CPU.Build.0 = Release|Any CPU
		{EC3D78A2-2015-431C-A858-6640279B947E}.Debug|Any CPU.ActiveCfg = Debug|Any CPU
		{EC3D78A2-2015-431C-A858-6640279B947E}.Debug|Any CPU.Build.0 = Debug|Any CPU
		{EC3D78A2-2015-431C-A858-6640279B947E}.Release|Any CPU.ActiveCfg = Release|Any CPU
		{EC3D78A2-2015-431C-A858-6640279B947E}.Release|Any CPU.Build.0 = Release|Any CPU
		{FDE4AF7F-8FF8-43D3-8BD7-BBF9F0353A69}.Debug|Any CPU.ActiveCfg = Debug|Any CPU
		{FDE4AF7F-8FF8-43D3-8BD7-BBF9F0353A69}.Debug|Any CPU.Build.0 = Debug|Any CPU
		{FDE4AF7F-8FF8-43D3-8BD7-BBF9F0353A69}.Release|Any CPU.ActiveCfg = Release|Any CPU
		{FDE4AF7F-8FF8-43D3-8BD7-BBF9F0353A69}.Release|Any CPU.Build.0 = Release|Any CPU
		{D82395D8-B58C-4C45-B2B4-4FE3DD54DE11}.Debug|Any CPU.ActiveCfg = Debug|Any CPU
		{D82395D8-B58C-4C45-B2B4-4FE3DD54DE11}.Debug|Any CPU.Build.0 = Debug|Any CPU
		{D82395D8-B58C-4C45-B2B4-4FE3DD54DE11}.Release|Any CPU.ActiveCfg = Release|Any CPU
		{D82395D8-B58C-4C45-B2B4-4FE3DD54DE11}.Release|Any CPU.Build.0 = Release|Any CPU
		{B1B51789-C899-485B-8010-25E349201B85}.Debug|Any CPU.ActiveCfg = Debug|Any CPU
		{B1B51789-C899-485B-8010-25E349201B85}.Debug|Any CPU.Build.0 = Debug|Any CPU
		{B1B51789-C899-485B-8010-25E349201B85}.Release|Any CPU.ActiveCfg = Release|Any CPU
		{B1B51789-C899-485B-8010-25E349201B85}.Release|Any CPU.Build.0 = Release|Any CPU
		{BB01A599-411D-4031-A866-7CED557990DC}.Debug|Any CPU.ActiveCfg = Debug|Any CPU
		{BB01A599-411D-4031-A866-7CED557990DC}.Debug|Any CPU.Build.0 = Debug|Any CPU
		{BB01A599-411D-4031-A866-7CED557990DC}.Release|Any CPU.ActiveCfg = Release|Any CPU
		{BB01A599-411D-4031-A866-7CED557990DC}.Release|Any CPU.Build.0 = Release|Any CPU
		{1D7E9EF1-3C07-4D70-98CF-EDAABCF55E99}.Debug|Any CPU.ActiveCfg = Debug|Any CPU
		{1D7E9EF1-3C07-4D70-98CF-EDAABCF55E99}.Debug|Any CPU.Build.0 = Debug|Any CPU
		{1D7E9EF1-3C07-4D70-98CF-EDAABCF55E99}.Release|Any CPU.ActiveCfg = Release|Any CPU
		{1D7E9EF1-3C07-4D70-98CF-EDAABCF55E99}.Release|Any CPU.Build.0 = Release|Any CPU
		{7F90156F-D485-476C-A910-C0D8A3B5510E}.Debug|Any CPU.ActiveCfg = Debug|Any CPU
		{7F90156F-D485-476C-A910-C0D8A3B5510E}.Debug|Any CPU.Build.0 = Debug|Any CPU
		{7F90156F-D485-476C-A910-C0D8A3B5510E}.Release|Any CPU.ActiveCfg = Release|Any CPU
		{7F90156F-D485-476C-A910-C0D8A3B5510E}.Release|Any CPU.Build.0 = Release|Any CPU
		{13F0B9B5-6DCB-47C9-B100-DF7499137A6F}.Debug|Any CPU.ActiveCfg = Debug|Any CPU
		{13F0B9B5-6DCB-47C9-B100-DF7499137A6F}.Debug|Any CPU.Build.0 = Debug|Any CPU
		{13F0B9B5-6DCB-47C9-B100-DF7499137A6F}.Release|Any CPU.ActiveCfg = Release|Any CPU
		{13F0B9B5-6DCB-47C9-B100-DF7499137A6F}.Release|Any CPU.Build.0 = Release|Any CPU
		{438F71D8-B205-4943-B23C-30B8CC8F6DAB}.Debug|Any CPU.ActiveCfg = Debug|Any CPU
		{438F71D8-B205-4943-B23C-30B8CC8F6DAB}.Debug|Any CPU.Build.0 = Debug|Any CPU
		{438F71D8-B205-4943-B23C-30B8CC8F6DAB}.Release|Any CPU.ActiveCfg = Release|Any CPU
		{438F71D8-B205-4943-B23C-30B8CC8F6DAB}.Release|Any CPU.Build.0 = Release|Any CPU
		{64BDCF69-7322-49D6-BDC3-B1DD261C8CAB}.Debug|Any CPU.ActiveCfg = Debug|Any CPU
		{64BDCF69-7322-49D6-BDC3-B1DD261C8CAB}.Debug|Any CPU.Build.0 = Debug|Any CPU
		{64BDCF69-7322-49D6-BDC3-B1DD261C8CAB}.Release|Any CPU.ActiveCfg = Release|Any CPU
		{64BDCF69-7322-49D6-BDC3-B1DD261C8CAB}.Release|Any CPU.Build.0 = Release|Any CPU
		{FC03F0D4-4756-4F00-AFD5-87B8634EBC79}.Debug|Any CPU.ActiveCfg = Debug|Any CPU
		{FC03F0D4-4756-4F00-AFD5-87B8634EBC79}.Debug|Any CPU.Build.0 = Debug|Any CPU
		{FC03F0D4-4756-4F00-AFD5-87B8634EBC79}.Release|Any CPU.ActiveCfg = Release|Any CPU
		{FC03F0D4-4756-4F00-AFD5-87B8634EBC79}.Release|Any CPU.Build.0 = Release|Any CPU
		{F08CEB20-6AC3-4E46-930D-A74BB7C357B2}.Debug|Any CPU.ActiveCfg = Debug|Any CPU
		{F08CEB20-6AC3-4E46-930D-A74BB7C357B2}.Debug|Any CPU.Build.0 = Debug|Any CPU
		{F08CEB20-6AC3-4E46-930D-A74BB7C357B2}.Release|Any CPU.ActiveCfg = Release|Any CPU
		{F08CEB20-6AC3-4E46-930D-A74BB7C357B2}.Release|Any CPU.Build.0 = Release|Any CPU
		{D080AB9D-F59E-4DC3-AC71-D3B495AB3AC0}.Debug|Any CPU.ActiveCfg = Debug|Any CPU
		{D080AB9D-F59E-4DC3-AC71-D3B495AB3AC0}.Debug|Any CPU.Build.0 = Debug|Any CPU
		{D080AB9D-F59E-4DC3-AC71-D3B495AB3AC0}.Release|Any CPU.ActiveCfg = Release|Any CPU
		{D080AB9D-F59E-4DC3-AC71-D3B495AB3AC0}.Release|Any CPU.Build.0 = Release|Any CPU
		{5C520983-1B71-4AA7-9F75-504BF88234AA}.Debug|Any CPU.ActiveCfg = Debug|Any CPU
		{5C520983-1B71-4AA7-9F75-504BF88234AA}.Debug|Any CPU.Build.0 = Debug|Any CPU
		{5C520983-1B71-4AA7-9F75-504BF88234AA}.Release|Any CPU.ActiveCfg = Release|Any CPU
		{5C520983-1B71-4AA7-9F75-504BF88234AA}.Release|Any CPU.Build.0 = Release|Any CPU
		{B81B3031-90F7-49A1-8336-79D93BC1CB64}.Debug|Any CPU.ActiveCfg = Debug|Any CPU
		{B81B3031-90F7-49A1-8336-79D93BC1CB64}.Debug|Any CPU.Build.0 = Debug|Any CPU
		{B81B3031-90F7-49A1-8336-79D93BC1CB64}.Release|Any CPU.ActiveCfg = Release|Any CPU
		{B81B3031-90F7-49A1-8336-79D93BC1CB64}.Release|Any CPU.Build.0 = Release|Any CPU
		{777EDA80-F34A-4D14-BD58-C6AA74D4A785}.Debug|Any CPU.ActiveCfg = Debug|Any CPU
		{777EDA80-F34A-4D14-BD58-C6AA74D4A785}.Debug|Any CPU.Build.0 = Debug|Any CPU
		{777EDA80-F34A-4D14-BD58-C6AA74D4A785}.Release|Any CPU.ActiveCfg = Release|Any CPU
		{777EDA80-F34A-4D14-BD58-C6AA74D4A785}.Release|Any CPU.Build.0 = Release|Any CPU
		{4B0E302B-2F1C-4D91-B48D-36D9A3B63B8D}.Debug|Any CPU.ActiveCfg = Debug|Any CPU
		{4B0E302B-2F1C-4D91-B48D-36D9A3B63B8D}.Debug|Any CPU.Build.0 = Debug|Any CPU
		{4B0E302B-2F1C-4D91-B48D-36D9A3B63B8D}.Release|Any CPU.ActiveCfg = Release|Any CPU
		{4B0E302B-2F1C-4D91-B48D-36D9A3B63B8D}.Release|Any CPU.Build.0 = Release|Any CPU
	EndGlobalSection
	GlobalSection(SolutionProperties) = preSolution
		HideSolutionNode = FALSE
	EndGlobalSection
	GlobalSection(NestedProjects) = preSolution
		{EC3D78A2-2015-431C-A858-6640279B947E} = {A7FE1E79-8CE3-43B1-A422-6B77BAD3B216}
		{FDE4AF7F-8FF8-43D3-8BD7-BBF9F0353A69} = {A7FE1E79-8CE3-43B1-A422-6B77BAD3B216}
		{D82395D8-B58C-4C45-B2B4-4FE3DD54DE11} = {A7FE1E79-8CE3-43B1-A422-6B77BAD3B216}
		{B1B51789-C899-485B-8010-25E349201B85} = {A7FE1E79-8CE3-43B1-A422-6B77BAD3B216}
		{BB01A599-411D-4031-A866-7CED557990DC} = {A7FE1E79-8CE3-43B1-A422-6B77BAD3B216}
		{1D7E9EF1-3C07-4D70-98CF-EDAABCF55E99} = {A8537CCE-DF10-49BC-AB1B-91A9CFF025BB}
		{7F90156F-D485-476C-A910-C0D8A3B5510E} = {6E941B31-647B-4D27-B071-144D8D726AC6}
		{13F0B9B5-6DCB-47C9-B100-DF7499137A6F} = {A8537CCE-DF10-49BC-AB1B-91A9CFF025BB}
		{438F71D8-B205-4943-B23C-30B8CC8F6DAB} = {6E941B31-647B-4D27-B071-144D8D726AC6}
		{64BDCF69-7322-49D6-BDC3-B1DD261C8CAB} = {A8537CCE-DF10-49BC-AB1B-91A9CFF025BB}
		{FC03F0D4-4756-4F00-AFD5-87B8634EBC79} = {A8537CCE-DF10-49BC-AB1B-91A9CFF025BB}
		{F08CEB20-6AC3-4E46-930D-A74BB7C357B2} = {A8537CCE-DF10-49BC-AB1B-91A9CFF025BB}
		{D080AB9D-F59E-4DC3-AC71-D3B495AB3AC0} = {A8537CCE-DF10-49BC-AB1B-91A9CFF025BB}
		{5C520983-1B71-4AA7-9F75-504BF88234AA} = {A8537CCE-DF10-49BC-AB1B-91A9CFF025BB}
		{B81B3031-90F7-49A1-8336-79D93BC1CB64} = {6E941B31-647B-4D27-B071-144D8D726AC6}
		{777EDA80-F34A-4D14-BD58-C6AA74D4A785} = {6E941B31-647B-4D27-B071-144D8D726AC6}
		{4B0E302B-2F1C-4D91-B48D-36D9A3B63B8D} = {6E941B31-647B-4D27-B071-144D8D726AC6}
	EndGlobalSection
	GlobalSection(ExtensibilityGlobals) = postSolution
		SolutionGuid = {C1443502-4776-4661-804E-F7230C4A1025}
	EndGlobalSection
EndGlobal
